
Microsoft Visual Studio Solution File, Format Version 12.00
# Visual Studio Version 17
VisualStudioVersion = 17.10.35004.147
MinimumVisualStudioVersion = 10.0.40219.1
Project("{FAE04EC0-301F-11D3-BF4B-00C04F79EFBC}") = "EventStoreService", "EventStoreService\EventStoreService.csproj", "{8B42EA6D-BAEE-4509-80E5-1B362AE48A4D}"
EndProject
Project("{FAE04EC0-301F-11D3-BF4B-00C04F79EFBC}") = "EventStoreService.Tests", "EventStoreService.Tests\EventStoreService.Tests.csproj", "{614B01F8-AC0F-46EC-84C9-B0A7D942387E}"
EndProject
Global
	GlobalSection(SolutionConfigurationPlatforms) = preSolution
		Debug|Any CPU = Debug|Any CPU
		Release|Any CPU = Release|Any CPU
	EndGlobalSection
	GlobalSection(ProjectConfigurationPlatforms) = postSolution
		{8B42EA6D-BAEE-4509-80E5-1B362AE48A4D}.Debug|Any CPU.ActiveCfg = Debug|Any CPU
		{8B42EA6D-BAEE-4509-80E5-1B362AE48A4D}.Debug|Any CPU.Build.0 = Debug|Any CPU
		{8B42EA6D-BAEE-4509-80E5-1B362AE48A4D}.Release|Any CPU.ActiveCfg = Release|Any CPU
		{8B42EA6D-BAEE-4509-80E5-1B362AE48A4D}.Release|Any CPU.Build.0 = Release|Any CPU
		{614B01F8-AC0F-46EC-84C9-B0A7D942387E}.Debug|Any CPU.ActiveCfg = Debug|Any CPU
		{614B01F8-AC0F-46EC-84C9-B0A7D942387E}.Debug|Any CPU.Build.0 = Debug|Any CPU
		{614B01F8-AC0F-46EC-84C9-B0A7D942387E}.Release|Any CPU.ActiveCfg = Release|Any CPU
		{614B01F8-AC0F-46EC-84C9-B0A7D942387E}.Release|Any CPU.Build.0 = Release|Any CPU
	EndGlobalSection
	GlobalSection(SolutionProperties) = preSolution
		HideSolutionNode = FALSE
	EndGlobalSection
	GlobalSection(ExtensibilityGlobals) = postSolution
		SolutionGuid = {C4A99572-8EF8-4869-A947-B372A56E8D36}
	EndGlobalSection
EndGlobal
